Microsoft Visual Studio Solution File, Format Version 12.00
# Visual Studio 2012
Project("{8BC9CEB8-8B4A-11D0-8D11-00A0C91BC942}") = "vcan_Kinetis", "vcan_Kinetis.vcxproj", "{112093ED-A1E8-41E8-7E20-17C2255277E4}"
EndProject
Global
	GlobalSection(SolutionConfigurationPlatforms) = preSolution
		Debug|Win32 = Debug|Win32
		Release|Win32 = Release|Win32
	EndGlobalSection
	GlobalSection(ProjectConfigurationPlatforms) = postSolution
		{112093ED-A1E8-41E8-7E20-17C2255277E4}.Debug|Win32.ActiveCfg = FN15_Debug|Win32
		{112093ED-A1E8-41E8-7E20-17C2255277E4}.Debug|Win32.Build.0 = FN15_Debug|Win32
		{112093ED-A1E8-41E8-7E20-17C2255277E4}.Release|Win32.ActiveCfg = FX15_Release|Win32
		{112093ED-A1E8-41E8-7E20-17C2255277E4}.Release|Win32.Build.0 = FX15_Release|Win32
	EndGlobalSection
	GlobalSection(SolutionProperties) = preSolution
		HideSolutionNode = FALSE
	EndGlobalSection
EndGlobal
